
Microsoft Visual Studio Solution File, Format Version 12.00
Project("{F2A71F9B-5D33-465A-A702-920D77279786}") = "Todo", "src\Todo\Todo.fsproj", "{4257B9A7-8BE4-44B7-8ED9-6EE769700E28}"
EndProject
Project("{F2A71F9B-5D33-465A-A702-920D77279786}") = "Todo.Tests", "tests\Todo.Tests\Todo.Tests.fsproj", "{708EBE0A-1EB8-48FD-B860-0B007CB32095}"
EndProject
Global
	GlobalSection(SolutionConfigurationPlatforms) = preSolution
		Debug|Any CPU = Debug|Any CPU
		Release|Any CPU = Release|Any CPU
	EndGlobalSection
	GlobalSection(ProjectConfigurationPlatforms) = postSolution
		{4257B9A7-8BE4-44B7-8ED9-6EE769700E28}.Debug|Any CPU.ActiveCfg = Debug|Any CPU
		{4257B9A7-8BE4-44B7-8ED9-6EE769700E28}.Debug|Any CPU.Build.0 = Debug|Any CPU
		{4257B9A7-8BE4-44B7-8ED9-6EE769700E28}.Release|Any CPU.ActiveCfg = Release|Any CPU
		{4257B9A7-8BE4-44B7-8ED9-6EE769700E28}.Release|Any CPU.Build.0 = Release|Any CPU
		{708EBE0A-1EB8-48FD-B860-0B007CB32095}.Debug|Any CPU.ActiveCfg = Debug|Any CPU
		{708EBE0A-1EB8-48FD-B860-0B007CB32095}.Debug|Any CPU.Build.0 = Debug|Any CPU
		{708EBE0A-1EB8-48FD-B860-0B007CB32095}.Release|Any CPU.ActiveCfg = Release|Any CPU
		{708EBE0A-1EB8-48FD-B860-0B007CB32095}.Release|Any CPU.Build.0 = Release|Any CPU
	EndGlobalSection
EndGlobal
